
Microsoft Visual Studio Solution File, Format Version 12.00
# Visual Studio Version 17
VisualStudioVersion = 17.0.31903.59
MinimumVisualStudioVersion = 10.0.40219.1
Project("{FAE04EC0-301F-11D3-BF4B-00C04F79EFBC}") = "Hello", "Hello\Hello.csproj", "{B5F015FC-9DA1-404D-84D6-3827C6E6A044}"
EndProject
Project("{FAE04EC0-301F-11D3-BF4B-00C04F79EFBC}") = "Hello.Tests", "Hello.Tests\Hello.Tests.csproj", "{0A38D8DC-DB02-4D58-ABAD-BE134E5BAAD5}"
EndProject
Global
	GlobalSection(SolutionConfigurationPlatforms) = preSolution
		Debug|Any CPU = Debug|Any CPU
		Release|Any CPU = Release|Any CPU
	EndGlobalSection
	GlobalSection(SolutionProperties) = preSolution
		HideSolutionNode = FALSE
	EndGlobalSection
	GlobalSection(ProjectConfigurationPlatforms) = postSolution
		{B5F015FC-9DA1-404D-84D6-3827C6E6A044}.Debug|Any CPU.ActiveCfg = Debug|Any CPU
		{B5F015FC-9DA1-404D-84D6-3827C6E6A044}.Debug|Any CPU.Build.0 = Debug|Any CPU
		{B5F015FC-9DA1-404D-84D6-3827C6E6A044}.Release|Any CPU.ActiveCfg = Release|Any CPU
		{B5F015FC-9DA1-404D-84D6-3827C6E6A044}.Release|Any CPU.Build.0 = Release|Any CPU
		{0A38D8DC-DB02-4D58-ABAD-BE134E5BAAD5}.Debug|Any CPU.ActiveCfg = Debug|Any CPU
		{0A38D8DC-DB02-4D58-ABAD-BE134E5BAAD5}.Debug|Any CPU.Build.0 = Debug|Any CPU
		{0A38D8DC-DB02-4D58-ABAD-BE134E5BAAD5}.Release|Any CPU.ActiveCfg = Release|Any CPU
		{0A38D8DC-DB02-4D58-ABAD-BE134E5BAAD5}.Release|Any CPU.Build.0 = Release|Any CPU
	EndGlobalSection
EndGlobal
